
Microsoft Visual Studio Solution File, Format Version 12.00
# Visual Studio Version 16
VisualStudioVersion = 16.0.30804.86
MinimumVisualStudioVersion = 10.0.40219.1
Project("{9A19103F-16F7-4668-BE54-9A1E7A4F7556}") = "FeedbackAPI", "FeedbackAPI\FeedbackAPI.csproj", "{E975E32E-29D7-4259-B52D-776B23AEB9C4}"
EndProject
Project("{2150E333-8FDC-42A3-9474-1A3956D46DE8}") = "Tests", "Tests", "{40A34E11-7BF4-4294-8BD7-3DDC0A71ECD8}"
EndProject
Project("{FAE04EC0-301F-11D3-BF4B-00C04F79EFBC}") = "FeedbackAPI.Tests", "FeedbackAPI.Tests\FeedbackAPI.Tests\FeedbackAPI.Tests.csproj", "{9430BB2C-0B91-4418-B709-F99AECCA7AB9}"
EndProject
Global
	GlobalSection(SolutionConfigurationPlatforms) = preSolution
		Debug|Any CPU = Debug|Any CPU
		Release|Any CPU = Release|Any CPU
	EndGlobalSection
	GlobalSection(ProjectConfigurationPlatforms) = postSolution
		{E975E32E-29D7-4259-B52D-776B23AEB9C4}.Debug|Any CPU.ActiveCfg = Debug|Any CPU
		{E975E32E-29D7-4259-B52D-776B23AEB9C4}.Debug|Any CPU.Build.0 = Debug|Any CPU
		{E975E32E-29D7-4259-B52D-776B23AEB9C4}.Release|Any CPU.ActiveCfg = Release|Any CPU
		{E975E32E-29D7-4259-B52D-776B23AEB9C4}.Release|Any CPU.Build.0 = Release|Any CPU
		{9430BB2C-0B91-4418-B709-F99AECCA7AB9}.Debug|Any CPU.ActiveCfg = Debug|Any CPU
		{9430BB2C-0B91-4418-B709-F99AECCA7AB9}.Debug|Any CPU.Build.0 = Debug|Any CPU
		{9430BB2C-0B91-4418-B709-F99AECCA7AB9}.Release|Any CPU.ActiveCfg = Release|Any CPU
		{9430BB2C-0B91-4418-B709-F99AECCA7AB9}.Release|Any CPU.Build.0 = Release|Any CPU
	EndGlobalSection
	GlobalSection(SolutionProperties) = preSolution
		HideSolutionNode = FALSE
	EndGlobalSection
	GlobalSection(NestedProjects) = preSolution
		{9430BB2C-0B91-4418-B709-F99AECCA7AB9} = {40A34E11-7BF4-4294-8BD7-3DDC0A71ECD8}
	EndGlobalSection
	GlobalSection(ExtensibilityGlobals) = postSolution
		SolutionGuid = {05F81BFF-F31C-4D3B-AB01-D6E528F96E70}
	EndGlobalSection
EndGlobal
